
Microsoft Visual Studio Solution File, Format Version 12.00
# Visual Studio Version 17
VisualStudioVersion = 17.6.33723.286
MinimumVisualStudioVersion = 10.0.40219.1
Project("{FAE04EC0-301F-11D3-BF4B-00C04F79EFBC}") = "c-sharp-datastruc-linkedList", "c-sharp-datastruc-linkedList\c-sharp-datastruc-linkedList.csproj", "{BB51E8D5-C4DF-474C-A459-FB8CA992E239}"
EndProject
Global
	GlobalSection(SolutionConfigurationPlatforms) = preSolution
		Debug|Any CPU = Debug|Any CPU
		Release|Any CPU = Release|Any CPU
	EndGlobalSection
	GlobalSection(ProjectConfigurationPlatforms) = postSolution
		{BB51E8D5-C4DF-474C-A459-FB8CA992E239}.Debug|Any CPU.ActiveCfg = Debug|Any CPU
		{BB51E8D5-C4DF-474C-A459-FB8CA992E239}.Debug|Any CPU.Build.0 = Debug|Any CPU
		{BB51E8D5-C4DF-474C-A459-FB8CA992E239}.Release|Any CPU.ActiveCfg = Release|Any CPU
		{BB51E8D5-C4DF-474C-A459-FB8CA992E239}.Release|Any CPU.Build.0 = Release|Any CPU
	EndGlobalSection
	GlobalSection(SolutionProperties) = preSolution
		HideSolutionNode = FALSE
	EndGlobalSection
	GlobalSection(ExtensibilityGlobals) = postSolution
		SolutionGuid = {036E2187-1C64-4CE3-B777-AFD3214D0F1D}
	EndGlobalSection
EndGlobal
